
Microsoft Visual Studio Solution File, Format Version 12.00
# Visual Studio 15
VisualStudioVersion = 15.0.26228.9
MinimumVisualStudioVersion = 10.0.40219.1
Project("{FAE04EC0-301F-11D3-BF4B-00C04F79EFBC}") = "Xiaolei.TraceLib", "Xiaolei.TraceLib\Xiaolei.TraceLib.csproj", "{114EB9DA-B771-45CB-A83C-AFC2CA858A85}"
EndProject
Project("{FAE04EC0-301F-11D3-BF4B-00C04F79EFBC}") = "TraceTest", "TraceTest\TraceTest.csproj", "{1554CE2B-9B19-42DF-947A-E2798BEE9DA7}"
EndProject
Global
	GlobalSection(SolutionConfigurationPlatforms) = preSolution
		Debug|Any CPU = Debug|Any CPU
		Release|Any CPU = Release|Any CPU
	EndGlobalSection
	GlobalSection(ProjectConfigurationPlatforms) = postSolution
		{114EB9DA-B771-45CB-A83C-AFC2CA858A85}.Debug|Any CPU.ActiveCfg = Debug|Any CPU
		{114EB9DA-B771-45CB-A83C-AFC2CA858A85}.Debug|Any CPU.Build.0 = Debug|Any CPU
		{114EB9DA-B771-45CB-A83C-AFC2CA858A85}.Release|Any CPU.ActiveCfg = Release|Any CPU
		{114EB9DA-B771-45CB-A83C-AFC2CA858A85}.Release|Any CPU.Build.0 = Release|Any CPU
		{1554CE2B-9B19-42DF-947A-E2798BEE9DA7}.Debug|Any CPU.ActiveCfg = Debug|Any CPU
		{1554CE2B-9B19-42DF-947A-E2798BEE9DA7}.Debug|Any CPU.Build.0 = Debug|Any CPU
		{1554CE2B-9B19-42DF-947A-E2798BEE9DA7}.Release|Any CPU.ActiveCfg = Release|Any CPU
		{1554CE2B-9B19-42DF-947A-E2798BEE9DA7}.Release|Any CPU.Build.0 = Release|Any CPU
	EndGlobalSection
	GlobalSection(SolutionProperties) = preSolution
		HideSolutionNode = FALSE
	EndGlobalSection
EndGlobal
